
Microsoft Visual Studio Solution File, Format Version 12.00
# Visual Studio 15
VisualStudioVersion = 15.0.26430.14
MinimumVisualStudioVersion = 10.0.40219.1
Project("{FAE04EC0-301F-11D3-BF4B-00C04F79EFBC}") = "CountNumberOfSubStringsGreaterThanX", "CountNumberOfSubStringsGreaterThanX\CountNumberOfSubStringsGreaterThanX.csproj", "{A458C5EE-2DFC-4B39-86C4-F4816349F616}"
EndProject
Project("{FAE04EC0-301F-11D3-BF4B-00C04F79EFBC}") = "Tests.Unit", "Tests.Unit\Tests.Unit.csproj", "{A44C02B2-5F45-40DB-B6D2-8EB3702CEC41}"
EndProject
Global
	GlobalSection(SolutionConfigurationPlatforms) = preSolution
		Debug|Any CPU = Debug|Any CPU
		Release|Any CPU = Release|Any CPU
	EndGlobalSection
	GlobalSection(ProjectConfigurationPlatforms) = postSolution
		{A458C5EE-2DFC-4B39-86C4-F4816349F616}.Debug|Any CPU.ActiveCfg = Debug|Any CPU
		{A458C5EE-2DFC-4B39-86C4-F4816349F616}.Debug|Any CPU.Build.0 = Debug|Any CPU
		{A458C5EE-2DFC-4B39-86C4-F4816349F616}.Release|Any CPU.ActiveCfg = Release|Any CPU
		{A458C5EE-2DFC-4B39-86C4-F4816349F616}.Release|Any CPU.Build.0 = Release|Any CPU
		{A44C02B2-5F45-40DB-B6D2-8EB3702CEC41}.Debug|Any CPU.ActiveCfg = Debug|Any CPU
		{A44C02B2-5F45-40DB-B6D2-8EB3702CEC41}.Debug|Any CPU.Build.0 = Debug|Any CPU
		{A44C02B2-5F45-40DB-B6D2-8EB3702CEC41}.Release|Any CPU.ActiveCfg = Release|Any CPU
		{A44C02B2-5F45-40DB-B6D2-8EB3702CEC41}.Release|Any CPU.Build.0 = Release|Any CPU
	EndGlobalSection
	GlobalSection(SolutionProperties) = preSolution
		HideSolutionNode = FALSE
	EndGlobalSection
EndGlobal
